{
  "name": "spatem.client",
  "version": "1.0.0",
  "lockfileVersion": 1,
  "requires": true,
  "dependencies": {
    "nswag": {
      "version": "12.2.5",
      "resolved": "https://registry.npmjs.org/nswag/-/nswag-12.2.5.tgz",
      "integrity": "sha512-Xeq2r0uSIWaFagTGacZ/FlD8purNxchBE8Ec5D7r77DStKU+LJjU8+m9I9Gh46T8TMVHpAC3NuEneGmU9bBMmA==",
      "dev": true
    }
  }
}
